
Microsoft Visual Studio Solution File, Format Version 12.00
# Visual Studio Version 17
VisualStudioVersion = 17.13.35828.75 d17.13
MinimumVisualStudioVersion = 10.0.40219.1
Project("{FAE04EC0-301F-11D3-BF4B-00C04F79EFBC}") = "ForestFire", "ForestFire.csproj", "{079C2882-95A2-15DD-BB60-D0503B872425}"
EndProject
Global
	GlobalSection(SolutionConfigurationPlatforms) = preSolution
		Debug|Any CPU = Debug|Any CPU
		Release|Any CPU = Release|Any CPU
	EndGlobalSection
	GlobalSection(ProjectConfigurationPlatforms) = postSolution
		{079C2882-95A2-15DD-BB60-D0503B872425}.Debug|Any CPU.ActiveCfg = Debug|Any CPU
		{079C2882-95A2-15DD-BB60-D0503B872425}.Debug|Any CPU.Build.0 = Debug|Any CPU
		{079C2882-95A2-15DD-BB60-D0503B872425}.Release|Any CPU.ActiveCfg = Release|Any CPU
		{079C2882-95A2-15DD-BB60-D0503B872425}.Release|Any CPU.Build.0 = Release|Any CPU
	EndGlobalSection
	GlobalSection(SolutionProperties) = preSolution
		HideSolutionNode = FALSE
	EndGlobalSection
	GlobalSection(ExtensibilityGlobals) = postSolution
		SolutionGuid = {563BD547-C5E5-464B-85A5-CD5E4DF2890C}
	EndGlobalSection
EndGlobal
